
Microsoft Visual Studio Solution File, Format Version 12.00
# Visual Studio Version 16
VisualStudioVersion = 16.0.30114.105
MinimumVisualStudioVersion = 10.0.40219.1
Project("{2150E333-8FDC-42A3-9474-1A3956D46DE8}") = "src", "src", "{608D3255-F2B4-4F7D-8F03-E8EF5898D197}"
EndProject
Project("{2150E333-8FDC-42A3-9474-1A3956D46DE8}") = "core", "core", "{EC4B25C1-7BA4-4F9B-9232-AB76E92FEA60}"
EndProject
Project("{FAE04EC0-301F-11D3-BF4B-00C04F79EFBC}") = "Travel.Domain", "src\core\Travel.Domain\Travel.Domain.csproj", "{6F406586-C273-4E9D-BA81-153330C31E79}"
EndProject
Project("{FAE04EC0-301F-11D3-BF4B-00C04F79EFBC}") = "Travel.Application", "src\core\Travel.Application\Travel.Application.csproj", "{A270DC35-2966-45E8-B8BD-07F62449C000}"
EndProject
Project("{2150E333-8FDC-42A3-9474-1A3956D46DE8}") = "infrastructure", "infrastructure", "{028AA891-3E2C-4C9A-8A54-1D27B8D45A13}"
EndProject
Project("{FAE04EC0-301F-11D3-BF4B-00C04F79EFBC}") = "Travel.Data", "src\infrastructure\Travel.Data\Travel.Data.csproj", "{BA465D07-252B-40C2-8552-2A16F40C3FFF}"
EndProject
Project("{FAE04EC0-301F-11D3-BF4B-00C04F79EFBC}") = "Travel.Shared", "src\infrastructure\Travel.Shared\Travel.Shared.csproj", "{F048B60D-3446-4480-B66F-2746C0B64B9C}"
EndProject
Project("{2150E333-8FDC-42A3-9474-1A3956D46DE8}") = "presentation", "presentation", "{9B8B6215-A3DC-4EE5-A578-ED3477830E8D}"
EndProject
Project("{FAE04EC0-301F-11D3-BF4B-00C04F79EFBC}") = "Travel.WebApi", "src\presentation\Travel.WebApi\Travel.WebApi.csproj", "{477185DE-9C45-4BA2-80D0-670B16E12B2B}"
EndProject
Global
	GlobalSection(SolutionConfigurationPlatforms) = preSolution
		Debug|Any CPU = Debug|Any CPU
		Debug|x64 = Debug|x64
		Debug|x86 = Debug|x86
		Release|Any CPU = Release|Any CPU
		Release|x64 = Release|x64
		Release|x86 = Release|x86
	EndGlobalSection
	GlobalSection(SolutionProperties) = preSolution
		HideSolutionNode = FALSE
	EndGlobalSection
	GlobalSection(ProjectConfigurationPlatforms) = postSolution
		{6F406586-C273-4E9D-BA81-153330C31E79}.Debug|Any CPU.ActiveCfg = Debug|Any CPU
		{6F406586-C273-4E9D-BA81-153330C31E79}.Debug|Any CPU.Build.0 = Debug|Any CPU
		{6F406586-C273-4E9D-BA81-153330C31E79}.Debug|x64.ActiveCfg = Debug|Any CPU
		{6F406586-C273-4E9D-BA81-153330C31E79}.Debug|x64.Build.0 = Debug|Any CPU
		{6F406586-C273-4E9D-BA81-153330C31E79}.Debug|x86.ActiveCfg = Debug|Any CPU
		{6F406586-C273-4E9D-BA81-153330C31E79}.Debug|x86.Build.0 = Debug|Any CPU
		{6F406586-C273-4E9D-BA81-153330C31E79}.Release|Any CPU.ActiveCfg = Release|Any CPU
		{6F406586-C273-4E9D-BA81-153330C31E79}.Release|Any CPU.Build.0 = Release|Any CPU
		{6F406586-C273-4E9D-BA81-153330C31E79}.Release|x64.ActiveCfg = Release|Any CPU
		{6F406586-C273-4E9D-BA81-153330C31E79}.Release|x64.Build.0 = Release|Any CPU
		{6F406586-C273-4E9D-BA81-153330C31E79}.Release|x86.ActiveCfg = Release|Any CPU
		{6F406586-C273-4E9D-BA81-153330C31E79}.Release|x86.Build.0 = Release|Any CPU
		{A270DC35-2966-45E8-B8BD-07F62449C000}.Debug|Any CPU.ActiveCfg = Debug|Any CPU
		{A270DC35-2966-45E8-B8BD-07F62449C000}.Debug|Any CPU.Build.0 = Debug|Any CPU
		{A270DC35-2966-45E8-B8BD-07F62449C000}.Debug|x64.ActiveCfg = Debug|Any CPU
		{A270DC35-2966-45E8-B8BD-07F62449C000}.Debug|x64.Build.0 = Debug|Any CPU
		{A270DC35-2966-45E8-B8BD-07F62449C000}.Debug|x86.ActiveCfg = Debug|Any CPU
		{A270DC35-2966-45E8-B8BD-07F62449C000}.Debug|x86.Build.0 = Debug|Any CPU
		{A270DC35-2966-45E8-B8BD-07F62449C000}.Release|Any CPU.ActiveCfg = Release|Any CPU
		{A270DC35-2966-45E8-B8BD-07F62449C000}.Release|Any CPU.Build.0 = Release|Any CPU
		{A270DC35-2966-45E8-B8BD-07F62449C000}.Release|x64.ActiveCfg = Release|Any CPU
		{A270DC35-2966-45E8-B8BD-07F62449C000}.Release|x64.Build.0 = Release|Any CPU
		{A270DC35-2966-45E8-B8BD-07F62449C000}.Release|x86.ActiveCfg = Release|Any CPU
		{A270DC35-2966-45E8-B8BD-07F62449C000}.Release|x86.Build.0 = Release|Any CPU
		{BA465D07-252B-40C2-8552-2A16F40C3FFF}.Debug|Any CPU.ActiveCfg = Debug|Any CPU
		{BA465D07-252B-40C2-8552-2A16F40C3FFF}.Debug|Any CPU.Build.0 = Debug|Any CPU
		{BA465D07-252B-40C2-8552-2A16F40C3FFF}.Debug|x64.ActiveCfg = Debug|Any CPU
		{BA465D07-252B-40C2-8552-2A16F40C3FFF}.Debug|x64.Build.0 = Debug|Any CPU
		{BA465D07-252B-40C2-8552-2A16F40C3FFF}.Debug|x86.ActiveCfg = Debug|Any CPU
		{BA465D07-252B-40C2-8552-2A16F40C3FFF}.Debug|x86.Build.0 = Debug|Any CPU
		{BA465D07-252B-40C2-8552-2A16F40C3FFF}.Release|Any CPU.ActiveCfg = Release|Any CPU
		{BA465D07-252B-40C2-8552-2A16F40C3FFF}.Release|Any CPU.Build.0 = Release|Any CPU
		{BA465D07-252B-40C2-8552-2A16F40C3FFF}.Release|x64.ActiveCfg = Release|Any CPU
		{BA465D07-252B-40C2-8552-2A16F40C3FFF}.Release|x64.Build.0 = Release|Any CPU
		{BA465D07-252B-40C2-8552-2A16F40C3FFF}.Release|x86.ActiveCfg = Release|Any CPU
		{BA465D07-252B-40C2-8552-2A16F40C3FFF}.Release|x86.Build.0 = Release|Any CPU
		{F048B60D-3446-4480-B66F-2746C0B64B9C}.Debug|Any CPU.ActiveCfg = Debug|Any CPU
		{F048B60D-3446-4480-B66F-2746C0B64B9C}.Debug|Any CPU.Build.0 = Debug|Any CPU
		{F048B60D-3446-4480-B66F-2746C0B64B9C}.Debug|x64.ActiveCfg = Debug|Any CPU
		{F048B60D-3446-4480-B66F-2746C0B64B9C}.Debug|x64.Build.0 = Debug|Any CPU
		{F048B60D-3446-4480-B66F-2746C0B64B9C}.Debug|x86.ActiveCfg = Debug|Any CPU
		{F048B60D-3446-4480-B66F-2746C0B64B9C}.Debug|x86.Build.0 = Debug|Any CPU
		{F048B60D-3446-4480-B66F-2746C0B64B9C}.Release|Any CPU.ActiveCfg = Release|Any CPU
		{F048B60D-3446-4480-B66F-2746C0B64B9C}.Release|Any CPU.Build.0 = Release|Any CPU
		{F048B60D-3446-4480-B66F-2746C0B64B9C}.Release|x64.ActiveCfg = Release|Any CPU
		{F048B60D-3446-4480-B66F-2746C0B64B9C}.Release|x64.Build.0 = Release|Any CPU
		{F048B60D-3446-4480-B66F-2746C0B64B9C}.Release|x86.ActiveCfg = Release|Any CPU
		{F048B60D-3446-4480-B66F-2746C0B64B9C}.Release|x86.Build.0 = Release|Any CPU
		{477185DE-9C45-4BA2-80D0-670B16E12B2B}.Debug|Any CPU.ActiveCfg = Debug|Any CPU
		{477185DE-9C45-4BA2-80D0-670B16E12B2B}.Debug|Any CPU.Build.0 = Debug|Any CPU
		{477185DE-9C45-4BA2-80D0-670B16E12B2B}.Debug|x64.ActiveCfg = Debug|Any CPU
		{477185DE-9C45-4BA2-80D0-670B16E12B2B}.Debug|x64.Build.0 = Debug|Any CPU
		{477185DE-9C45-4BA2-80D0-670B16E12B2B}.Debug|x86.ActiveCfg = Debug|Any CPU
		{477185DE-9C45-4BA2-80D0-670B16E12B2B}.Debug|x86.Build.0 = Debug|Any CPU
		{477185DE-9C45-4BA2-80D0-670B16E12B2B}.Release|Any CPU.ActiveCfg = Release|Any CPU
		{477185DE-9C45-4BA2-80D0-670B16E12B2B}.Release|Any CPU.Build.0 = Release|Any CPU
		{477185DE-9C45-4BA2-80D0-670B16E12B2B}.Release|x64.ActiveCfg = Release|Any CPU
		{477185DE-9C45-4BA2-80D0-670B16E12B2B}.Release|x64.Build.0 = Release|Any CPU
		{477185DE-9C45-4BA2-80D0-670B16E12B2B}.Release|x86.ActiveCfg = Release|Any CPU
		{477185DE-9C45-4BA2-80D0-670B16E12B2B}.Release|x86.Build.0 = Release|Any CPU
	EndGlobalSection
	GlobalSection(NestedProjects) = preSolution
		{EC4B25C1-7BA4-4F9B-9232-AB76E92FEA60} = {608D3255-F2B4-4F7D-8F03-E8EF5898D197}
		{6F406586-C273-4E9D-BA81-153330C31E79} = {EC4B25C1-7BA4-4F9B-9232-AB76E92FEA60}
		{A270DC35-2966-45E8-B8BD-07F62449C000} = {EC4B25C1-7BA4-4F9B-9232-AB76E92FEA60}
		{028AA891-3E2C-4C9A-8A54-1D27B8D45A13} = {608D3255-F2B4-4F7D-8F03-E8EF5898D197}
		{BA465D07-252B-40C2-8552-2A16F40C3FFF} = {028AA891-3E2C-4C9A-8A54-1D27B8D45A13}
		{F048B60D-3446-4480-B66F-2746C0B64B9C} = {028AA891-3E2C-4C9A-8A54-1D27B8D45A13}
		{9B8B6215-A3DC-4EE5-A578-ED3477830E8D} = {608D3255-F2B4-4F7D-8F03-E8EF5898D197}
		{477185DE-9C45-4BA2-80D0-670B16E12B2B} = {9B8B6215-A3DC-4EE5-A578-ED3477830E8D}
	EndGlobalSection
EndGlobal
